{
    "name": "astal-shell",
    "lockfileVersion": 3,
    "requires": true,
    "packages": {
        "": {
            "name": "astal-shell",
            "dependencies": {
                "astal": "/usr/share/astal/gjs",
                "tailwindcss": "^4.1.9"
            }
        },
        "../../../../../../usr/share/astal/gjs": {
            "name": "astal",
            "license": "LGPL-2.1"
        },
        "node_modules/astal": {
            "resolved": "../../../../../../usr/share/astal/gjs",
            "link": true
        },
        "node_modules/tailwindcss": {
            "version": "4.1.9",
            "resolved": "https://registry.npmjs.org/tailwindcss/-/tailwindcss-4.1.9.tgz",
            "integrity": "sha512-anBZRcvfNMsQdHB9XSGzAtIQWlhs49uK75jfkwrqjRUbjt4d7q9RE1wR1xWyfYZhLFnFX4ahWp88Au2lcEw5IQ==",
            "license": "MIT"
        }
    }
}
